
Microsoft Visual Studio Solution File, Format Version 12.00
# Visual Studio Version 16
VisualStudioVersion = 16.0.30225.117
MinimumVisualStudioVersion = 10.0.40219.1
Project("{9A19103F-16F7-4668-BE54-9A1E7A4F7556}") = "TweetBook", "TweetBook\TweetBook.csproj", "{3F2D9477-44F0-4A2F-8ED0-3D6E45F42ABC}"
EndProject
Project("{2150E333-8FDC-42A3-9474-1A3956D46DE8}") = "Solution Items", "Solution Items", "{66626211-7970-492D-B06D-6492D71EF488}"
	ProjectSection(SolutionItems) = preProject
		Ly Thuyet.txt = Ly Thuyet.txt
	EndProjectSection
EndProject
Global
	GlobalSection(SolutionConfigurationPlatforms) = preSolution
		Debug|Any CPU = Debug|Any CPU
		Release|Any CPU = Release|Any CPU
	EndGlobalSection
	GlobalSection(ProjectConfigurationPlatforms) = postSolution
		{3F2D9477-44F0-4A2F-8ED0-3D6E45F42ABC}.Debug|Any CPU.ActiveCfg = Debug|Any CPU
		{3F2D9477-44F0-4A2F-8ED0-3D6E45F42ABC}.Debug|Any CPU.Build.0 = Debug|Any CPU
		{3F2D9477-44F0-4A2F-8ED0-3D6E45F42ABC}.Release|Any CPU.ActiveCfg = Release|Any CPU
		{3F2D9477-44F0-4A2F-8ED0-3D6E45F42ABC}.Release|Any CPU.Build.0 = Release|Any CPU
	EndGlobalSection
	GlobalSection(SolutionProperties) = preSolution
		HideSolutionNode = FALSE
	EndGlobalSection
	GlobalSection(ExtensibilityGlobals) = postSolution
		SolutionGuid = {B5C81741-8594-4B68-964F-9F7389F81A0A}
	EndGlobalSection
EndGlobal
